github.com/BurntSushi/toml v0.3.1/go.mod h1:xHWCNGjB5oqiDr8zfno3MHue2Ht5sIBksp03qcyfWMU=
github.com/creack/goselect v0.1.1 h1:tiSSgKE1eJtxs1h/VgGQWuXUP0YS4CDIFMp6vaI1ls0=
github.com/creack/goselect v0.1.1/go.mod h1:a/NhLweNvqIYMuxcMOuWY516Cimucms3DglDzQP3hKY=
github.com/davecgh/go-spew v1.1.0/go.mod h1:J7Y8YcW2NihsgmVo/mv3lAwl/skON4iLHjSsI+c5H38=
github.com/davecgh/go-spew v1.1.1 h1:vj9j/u1bqnvCEfJOwUhtlOARqs3+rkHYY13jYWTU97c=
github.com/davecgh/go-spew v1.1.1/go.mod h1:J7Y8YcW2NihsgmVo/mv3lAwl/skON4iLHjSsI+c5H38=
github.com/gorilla/mux v1.8.0 h1:i40aqfkR1h2SlN9hojwV5ZA91wcXFOvkdNIeFDP5koI=
github.com/gorilla/mux v1.8.0/go.mod h1:DVbg23sWSpFRCP0SfiEN6jmj59UnW/n46BH5rLB71So=
github.com/konsorten/go-windows-terminal-sequences v1.0.3/go.mod h1:T0+1ngSBFLxvqU3pZ+m/2kptfBszLMUkC4ZK/EgS/cQ=
github.com/pelletier/go-toml v1.6.0/go.mod h1:5N711Q9dKgbdkxHL+MEfF31hpT7l0S0s/t2kKREewys=
github.com/peterbourgon/ff/v3 v3.0.0 h1:eQzEmNahuOjQXfuegsKQTSTDbf4dNvr/eNLrmJhiH7M=
github.com/peterbourgon/ff/v3 v3.0.0/go.mod h1:UILIFjRH5a/ar8TjXYLTkIvSvekZqPm5Eb/qbGk6CT0=
github.com/pmezard/go-difflib v1.0.0 h1:4DBwDE0NGyQoBHbLQYPwSUPoCMWR5BEzIk/f1lZbAQM=
github.com/pmezard/go-difflib v1.0.0/go.mod h1:iKH77koFhYxTK1pcRnkKkqfTogsbg7gZNVY4sRDYZ/4=
github.com/shimmeringbee/bytecodec v0.0.0-20200216120857-49d677293817/go.mod h1:J/gvzi9IgGBHP1cBn++bqJ4tchSbgS10N2lmGMlqD3M=
github.com/shimmeringbee/bytecodec v0.0.0-20201010084809-f41297878cdb h1:eIpxXfxOLwQAQ6/C+Vaq/wILOTG/os+WruItCFdXXFU=
github.com/shimmeringbee/bytecodec v0.0.0-20201010084809-f41297878cdb/go.mod h1:WYnxfxTJ45UQ+xeAuuTSIalcEepgP8Rb7T/OhCaDdgo=
github.com/shimmeringbee/bytecodec v0.0.0-20201107142444-94bb5c0baaee h1:LGPf3nQB0b+k/zxaSPqwcW1Zd3cBGcEqREwqT7CWmw8=
github.com/shimmeringbee/bytecodec v0.0.0-20201107142444-94bb5c0baaee/go.mod h1:WYnxfxTJ45UQ+xeAuuTSIalcEepgP8Rb7T/OhCaDdgo=
github.com/shimmeringbee/callbacks v0.0.0-20201009192759-a81dc46c692d h1:zjblETt5RHDVHQFedyKq5c2BFEIgkRs4/o00RdLqcaw=
github.com/shimmeringbee/callbacks v0.0.0-20201009192759-a81dc46c692d/go.mod h1:1AzT3lP4dAEaqWDdWsldhRtcl0+jyCGcZaBTHTjtA9w=
github.com/shimmeringbee/da v0.0.0-20201121105018-e0f78bf83b58/go.mod h1:XZAIM1Ks/Ot7uXCnonsdCnbuXTuvySZ5yrF7nHC/+30=
github.com/shimmeringbee/da v0.0.0-20201121161325-3eaaadcd8488 h1:A4cX0THS9y2uiNYnnEtsKOHPmgVMJ1mJbqNdbNn26wI=
github.com/shimmeringbee/da v0.0.0-20201121161325-3eaaadcd8488/go.mod h1:XZAIM1Ks/Ot7uXCnonsdCnbuXTuvySZ5yrF7nHC/+30=
github.com/shimmeringbee/logwrap v0.0.0-20201104114416-23aeb26f66f1 h1:HWCH7L4EyiipHROSw0iyPG0Nv9YUZHkYBGjo3BHCnko=
github.com/shimmeringbee/logwrap v0.0.0-20201104114416-23aeb26f66f1/go.mod h1:NBAcZCUl6aFOGnWTs8m67EUAmWFZXRhoRQf5nknY8W0=
github.com/shimmeringbee/retry v0.0.0-20201009192801-17b4f327c3e1 h1:XHZWCYRj+2lAwQhchW+SGbSeF/gTpZwROonbyT9u9A4=
github.com/shimmeringbee/retry v0.0.0-20201009192801-17b4f327c3e1/go.mod h1:FFeFkkqdD9vdDFr2la9PkSTQr6qgU9aBiGU3QKn8ZKY=
github.com/shimmeringbee/unpi v0.0.0-20201106170609-f4c2e4b55202 h1:7kQalW+nsFt3/LByuF175uPr/LDhf/ExHC9nfmJBQCk=
github.com/shimmeringbee/unpi v0.0.0-20201106170609-f4c2e4b55202/go.mod h1:iAt5R5HT+VC7B9U77uBmN5Z6+DJo4U0z6ag68NH2mMw=
github.com/shimmeringbee/unpi v0.0.0-20201113155239-428f51b7d679 h1:qR+3BqOzrwCJ7XvDtitcbiWdgKclYDcpBCawadQ3XSc=
github.com/shimmeringbee/unpi v0.0.0-20201113155239-428f51b7d679/go.mod h1:iAt5R5HT+VC7B9U77uBmN5Z6+DJo4U0z6ag68NH2mMw=
github.com/shimmeringbee/zcl v0.0.0-20201119192629-e104ab49d2c4 h1:LbLKz/IuWZZRjSy9otjXf3Ku0U5828C3r4//34H3DXs=
github.com/shimmeringbee/zcl v0.0.0-20201119192629-e104ab49d2c4/go.mod h1:KiKoPJBBxw3eEvaHY4hDNHwHb8LVJUwRMwROm11T4bU=
github.com/shimmeringbee/zda v0.0.0-20201121105821-f6abef66dfa6 h1:8tV+43yZmhTvhL/QlqqKXis9ZyTum91SQrtNllVed2g=
github.com/shimmeringbee/zda v0.0.0-20201121105821-f6abef66dfa6/go.mod h1:KQFbb1CmJ0TxJ46PT2/x29+LGpQ9H1Nval1O16gmSqM=
github.com/shimmeringbee/zda v0.0.0-20201122114701-b9eb51ebb10f h1:03KJS5lySIVrR+KLOeC0iOeOFFvvmcIBbAY2CWzvgPw=
github.com/shimmeringbee/zda v0.0.0-20201122114701-b9eb51ebb10f/go.mod h1:x9GbKWiw+7awWXHGCdCDYxPdSyDYLTHkkkEgFy+0+ZQ=
github.com/shimmeringbee/zigbee v0.0.0-20201025164059-d8035d706a71 h1:tPqsPIbaKd/9oj0V3zMJuJIqKuAjK7vki9zhSTpw7m8=
github.com/shimmeringbee/zigbee v0.0.0-20201025164059-d8035d706a71/go.mod h1:GMA6rVpzvUK16cZwi8uW11JUTx8xUGOk5DbkXYWvm/8=
github.com/shimmeringbee/zigbee v0.0.0-20201027194100-4e53cafc0f7a h1:PNZqpjc7ouHQ1MKqerPNNeLOcTsXWZ0ZF9avU8LG9Es=
github.com/shimmeringbee/zigbee v0.0.0-20201027194100-4e53cafc0f7a/go.mod h1:GMA6rVpzvUK16cZwi8uW11JUTx8xUGOk5DbkXYWvm/8=
github.com/shimmeringbee/zstack v0.0.0-20201107104937-eab41e26444b h1:Gc8Qlxf8AR8ZY8EYYz9csr5qGCPRSx+UpE0kN9kiFPQ=
github.com/shimmeringbee/zstack v0.0.0-20201107104937-eab41e26444b/go.mod h1:n8jvPDPfcq39mRRRQ9O422vTAfi9UqZt2owocQ5ORV0=
github.com/sirupsen/logrus v1.6.0/go.mod h1:7uNnSEd1DgxDLC74fIahvMZmmYsHGZGEOFrfsX/uA88=
github.com/stretchr/objx v0.1.0 h1:4G4v2dO3VZwixGIRoQ5Lfboy6nUhCyYzaqnIAPPhYs4=
github.com/stretchr/objx v0.1.0/go.mod h1:HFkY916IF+rwdDfMAkV7OtwuqBVzrE8GR6GFx+wExME=
github.com/stretchr/objx v0.3.0 h1:NGXK3lHquSN08v5vWalVI/L8XU9hdzE/G6xsrze47As=
github.com/stretchr/objx v0.3.0/go.mod h1:qt09Ya8vawLte6SNmTgCsAVtYtaKzEcn8ATUoHMkEqE=
github.com/stretchr/testify v1.2.2/go.mod h1:a8OnRcib4nhh0OaRAV+Yts87kKdq0PP7pXfy6kDkUVs=
github.com/stretchr/testify v1.3.0/go.mod h1:M5WIy9Dh21IEIfnGCwXGc5bZfKNJtfHm1UVUgZn+9EI=
github.com/stretchr/testify v1.4.0/go.mod h1:j7eGeouHqKxXV5pUuKE4zz7dFj8WfuZ+81PSLYec5m4=
github.com/stretchr/testify v1.5.1/go.mod h1:5W2xD1RspED5o8YsWQXVCued0rvSQ+mT+I5cxcmMvtA=
github.com/stretchr/testify v1.6.1 h1:hDPOHmpOpP40lSULcqw7IrRb/u7w6RpDC9399XyoNd0=
github.com/stretchr/testify v1.6.1/go.mod h1:6Fq8oRcR53rry900zMqJjRRixrwX3KX962/h/Wwjteg=
github.com/tidwall/gjson v1.6.3 h1:aHoiiem0dr7GHkW001T1SMTJ7X5PvyekH5WX0whWGnI=
github.com/tidwall/gjson v1.6.3/go.mod h1:BaHyNc5bjzYkPqgLq7mdVzeiRtULKULXLgZFKsxEHI0=
github.com/tidwall/match v1.0.1 h1:PnKP62LPNxHKTwvHHZZzdOAOCtsJTjo6dZLCwpKm5xc=
github.com/tidwall/match v1.0.1/go.mod h1:LujAq0jyVjBy028G1WhWfIzbpQfMO8bBZ6Tyb0+pL9E=
github.com/tidwall/match v1.0.2 h1:uuqvHuBGSedK7awZ2YoAtpnimfwBGFjHuWLuLqQj+bU=
github.com/tidwall/match v1.0.2/go.mod h1:LujAq0jyVjBy028G1WhWfIzbpQfMO8bBZ6Tyb0+pL9E=
github.com/tidwall/pretty v1.0.2 h1:Z7S3cePv9Jwm1KwS0513MRaoUe3S01WPbLNV40pwWZU=
github.com/tidwall/pretty v1.0.2/go.mod h1:XNkn88O1ChpSDQmQeStsy+sBenx6DDtFZJxhVysOjyk=
go.bug.st/serial.v1 v0.0.0-20191202182710-24a6610f0541 h1:eQfoPfT+gNSh63t/oKanQlZyKgblRa/LMZRPIT+MHzA=
go.bug.st/serial.v1 v0.0.0-20191202182710-24a6610f0541/go.mod h1:dRSl/CVCTf56CkXgJMDOdSwNfo2g1orOGE/gBGdvjZw=
golang.org/x/sys v0.0.0-20190422165155-953cdadca894 h1:Cz4ceDQGXuKRnVBDTS23GTn/pU5OE2C0WrNTOYK1Uuc=
golang.org/x/sys v0.0.0-20190422165155-953cdadca894/go.mod h1:h1NjWce9XRLGQEsW7wpKNCjG9DtNlClVuFLEZdDNbEs=
golang.org/x/sys v0.0.0-20201119102817-f84b799fce68 h1:nxC68pudNYkKU6jWhgrqdreuFiOQWj1Fs7T3VrH4Pjw=
golang.org/x/sys v0.0.0-20201119102817-f84b799fce68/go.mod h1:h1NjWce9XRLGQEsW7wpKNCjG9DtNlClVuFLEZdDNbEs=
gopkg.in/check.v1 v0.0.0-20161208181325-20d25e280405 h1:yhCVgyC4o1eVCa2tZl7eS0r+SDo693bJlVdllGtEeKM=
gopkg.in/check.v1 v0.0.0-20161208181325-20d25e280405/go.mod h1:Co6ibVJAznAaIkqp8huTwlJQCZ016jof/cbN4VW5Yz0=
gopkg.in/yaml.v2 v2.2.2/go.mod h1:hI93XBmqTisBFMUTm0b8Fm+jr3Dg1NNxqwp+5A1VGuI=
gopkg.in/yaml.v2 v2.2.4/go.mod h1:hI93XBmqTisBFMUTm0b8Fm+jr3Dg1NNxqwp+5A1VGuI=
gopkg.in/yaml.v3 v3.0.0-20200313102051-9f266ea9e77c h1:dUUwHk2QECo/6vqA44rthZ8ie2QXMNeKRTHCNY2nXvo=
gopkg.in/yaml.v3 v3.0.0-20200313102051-9f266ea9e77c/go.mod h1:K4uyk7z7BCEPqu6E+C64Yfv1cQ7kz7rIZviUmN+EgEM=
gopkg.in/yaml.v3 v3.0.0-20200615113413-eeeca48fe776 h1:tQIYjPdBoyREyB9XMu+nnTclpTYkz2zFM+lzLJFO4gQ=
gopkg.in/yaml.v3 v3.0.0-20200615113413-eeeca48fe776/go.mod h1:K4uyk7z7BCEPqu6E+C64Yfv1cQ7kz7rIZviUmN+EgEM=
