github.com/BurntSushi/toml v0.3.1/go.mod h1:xHWCNGjB5oqiDr8zfno3MHue2Ht5sIBksp03qcyfWMU=
github.com/creack/goselect v0.1.1 h1:tiSSgKE1eJtxs1h/VgGQWuXUP0YS4CDIFMp6vaI1ls0=
github.com/creack/goselect v0.1.1/go.mod h1:a/NhLweNvqIYMuxcMOuWY516Cimucms3DglDzQP3hKY=
github.com/davecgh/go-spew v1.1.0/go.mod h1:J7Y8YcW2NihsgmVo/mv3lAwl/skON4iLHjSsI+c5H38=
github.com/davecgh/go-spew v1.1.1 h1:vj9j/u1bqnvCEfJOwUhtlOARqs3+rkHYY13jYWTU97c=
github.com/davecgh/go-spew v1.1.1/go.mod h1:J7Y8YcW2NihsgmVo/mv3lAwl/skON4iLHjSsI+c5H38=
github.com/felixge/httpsnoop v1.0.1 h1:lvB5Jl89CsZtGIWuTcDM1E/vkVs49/Ml7JJe07l8SPQ=
github.com/felixge/httpsnoop v1.0.1/go.mod h1:m8KPJKqk1gH5J9DgRY2ASl2lWCfGKXixSwevea8zH2U=
github.com/gorilla/handlers v1.5.1 h1:9lRY6j8DEeeBT10CvO9hGW0gmky0BprnvDI5vfhUHH4=
github.com/gorilla/handlers v1.5.1/go.mod h1:t8XrUpc4KVXb7HGyJ4/cEnwQiaxrX/hz1Zv/4g96P1Q=
github.com/gorilla/mux v1.8.0 h1:i40aqfkR1h2SlN9hojwV5ZA91wcXFOvkdNIeFDP5koI=
github.com/gorilla/mux v1.8.0/go.mod h1:DVbg23sWSpFRCP0SfiEN6jmj59UnW/n46BH5rLB71So=
github.com/konsorten/go-windows-terminal-sequences v1.0.3/go.mod h1:T0+1ngSBFLxvqU3pZ+m/2kptfBszLMUkC4ZK/EgS/cQ=
github.com/lucasb-eyer/go-colorful v1.0.3/go.mod h1:R4dSotOR9KMtayYi1e77YzuveK+i7ruzyGqttikkLy0=
github.com/lucasb-eyer/go-colorful v1.2.0 h1:1nnpGOrhyZZuNyfu1QjKiUICQ74+3FNCN69Aj6K7nkY=
github.com/lucasb-eyer/go-colorful v1.2.0/go.mod h1:R4dSotOR9KMtayYi1e77YzuveK+i7ruzyGqttikkLy0=
github.com/pelletier/go-toml v1.6.0/go.mod h1:5N711Q9dKgbdkxHL+MEfF31hpT7l0S0s/t2kKREewys=
github.com/peterbourgon/ff/v3 v3.0.0 h1:eQzEmNahuOjQXfuegsKQTSTDbf4dNvr/eNLrmJhiH7M=
github.com/peterbourgon/ff/v3 v3.0.0/go.mod h1:UILIFjRH5a/ar8TjXYLTkIvSvekZqPm5Eb/qbGk6CT0=
github.com/pmezard/go-difflib v1.0.0 h1:4DBwDE0NGyQoBHbLQYPwSUPoCMWR5BEzIk/f1lZbAQM=
github.com/pmezard/go-difflib v1.0.0/go.mod h1:iKH77koFhYxTK1pcRnkKkqfTogsbg7gZNVY4sRDYZ/4=
github.com/shimmeringbee/bytecodec v0.0.0-20200216120857-49d677293817/go.mod h1:J/gvzi9IgGBHP1cBn++bqJ4tchSbgS10N2lmGMlqD3M=
github.com/shimmeringbee/bytecodec v0.0.0-20201107142444-94bb5c0baaee/go.mod h1:WYnxfxTJ45UQ+xeAuuTSIalcEepgP8Rb7T/OhCaDdgo=
github.com/shimmeringbee/bytecodec v0.0.0-20210111165458-877359ca1003/go.mod h1:iqI5PkiqY+Xq6Hu22TNhepAY00iJCfk9jiXKBUrMSQQ=
github.com/shimmeringbee/bytecodec v0.0.0-20210113154719-e97672fe9012 h1:evpXaVtlNYHk8kU5DzFZIVe2X2ZRe9cgAtzHd1ktjjU=
github.com/shimmeringbee/bytecodec v0.0.0-20210113154719-e97672fe9012/go.mod h1:WYnxfxTJ45UQ+xeAuuTSIalcEepgP8Rb7T/OhCaDdgo=
github.com/shimmeringbee/callbacks v0.0.0-20201009192759-a81dc46c692d h1:zjblETt5RHDVHQFedyKq5c2BFEIgkRs4/o00RdLqcaw=
github.com/shimmeringbee/callbacks v0.0.0-20201009192759-a81dc46c692d/go.mod h1:1AzT3lP4dAEaqWDdWsldhRtcl0+jyCGcZaBTHTjtA9w=
github.com/shimmeringbee/da v0.0.0-20210130160408-1806474f6de9 h1:GO5GOYeMBp0ACP7VGK1Hde5woei+LRobDuQY6ejH1GY=
github.com/shimmeringbee/da v0.0.0-20210130160408-1806474f6de9/go.mod h1:6Oji+jlg9NfJrlAcsGduhcQVffH7v57IRHguPF1JmgA=
github.com/shimmeringbee/logwrap v0.0.0-20201104114416-23aeb26f66f1 h1:HWCH7L4EyiipHROSw0iyPG0Nv9YUZHkYBGjo3BHCnko=
github.com/shimmeringbee/logwrap v0.0.0-20201104114416-23aeb26f66f1/go.mod h1:NBAcZCUl6aFOGnWTs8m67EUAmWFZXRhoRQf5nknY8W0=
github.com/shimmeringbee/retry v0.0.0-20201009192801-17b4f327c3e1 h1:XHZWCYRj+2lAwQhchW+SGbSeF/gTpZwROonbyT9u9A4=
github.com/shimmeringbee/retry v0.0.0-20201009192801-17b4f327c3e1/go.mod h1:FFeFkkqdD9vdDFr2la9PkSTQr6qgU9aBiGU3QKn8ZKY=
github.com/shimmeringbee/unpi v0.0.0-20210111165207-f0210c6942fc/go.mod h1:iAt5R5HT+VC7B9U77uBmN5Z6+DJo4U0z6ag68NH2mMw=
github.com/shimmeringbee/unpi v0.0.0-20210111171128-10074b5edd8f h1:rLLdpe771s3ImhjNl+Bop1FOjtDcwVcEDYGBXjnHOGM=
github.com/shimmeringbee/unpi v0.0.0-20210111171128-10074b5edd8f/go.mod h1:hOrncW6hd26Z18eayp99i7hNKj0aHtUx1SxXT49aEsk=
github.com/shimmeringbee/zcl v0.0.0-20201220210700-cfbfec0f20a5 h1:RFC17kM430VaB7K0zCoD0DPo2yLEbuisGWl5cOTAW3Q=
github.com/shimmeringbee/zcl v0.0.0-20201220210700-cfbfec0f20a5/go.mod h1:oy+15b56Rms5RnwY/Ik4NlXSYusoAObOIVjfieLRfjQ=
github.com/shimmeringbee/zda v0.0.0-20210131144648-39a170bb01e5 h1:B1QZBEhF2pA+mDPIZ8Zr2Nszwft3bLcZ7SDq19BSilY=
github.com/shimmeringbee/zda v0.0.0-20210131144648-39a170bb01e5/go.mod h1:pKa0cz3H48+t6+k7mCS9E9ylMYCMkQ/bdiu63U//JDs=
github.com/shimmeringbee/zigbee v0.0.0-20201027194100-4e53cafc0f7a/go.mod h1:GMA6rVpzvUK16cZwi8uW11JUTx8xUGOk5DbkXYWvm/8=
github.com/shimmeringbee/zigbee v0.0.0-20210113204558-b0b1b8711592/go.mod h1:GMA6rVpzvUK16cZwi8uW11JUTx8xUGOk5DbkXYWvm/8=
github.com/shimmeringbee/zigbee v0.0.0-20210113213523-03b7d3b8c37c h1:YcWEWhg7LDeswMgI2KYWU2StUWX2YMOh4x8JeUgOl4s=
github.com/shimmeringbee/zigbee v0.0.0-20210113213523-03b7d3b8c37c/go.mod h1:GMA6rVpzvUK16cZwi8uW11JUTx8xUGOk5DbkXYWvm/8=
github.com/shimmeringbee/zstack v0.0.0-20210113211336-649362018b66 h1:GDOcHbb0cgq5usgEgkWD8gDgCbFfQsZcb545p3/cNHA=
github.com/shimmeringbee/zstack v0.0.0-20210113211336-649362018b66/go.mod h1:DRJTLkuSjsvB4whbk2XxmKOODgUv4uWV/FYLP7xNfoE=
github.com/sirupsen/logrus v1.6.0/go.mod h1:7uNnSEd1DgxDLC74fIahvMZmmYsHGZGEOFrfsX/uA88=
github.com/stretchr/objx v0.1.0/go.mod h1:HFkY916IF+rwdDfMAkV7OtwuqBVzrE8GR6GFx+wExME=
github.com/stretchr/objx v0.3.0 h1:NGXK3lHquSN08v5vWalVI/L8XU9hdzE/G6xsrze47As=
github.com/stretchr/objx v0.3.0/go.mod h1:qt09Ya8vawLte6SNmTgCsAVtYtaKzEcn8ATUoHMkEqE=
github.com/stretchr/testify v1.2.2/go.mod h1:a8OnRcib4nhh0OaRAV+Yts87kKdq0PP7pXfy6kDkUVs=
github.com/stretchr/testify v1.3.0/go.mod h1:M5WIy9Dh21IEIfnGCwXGc5bZfKNJtfHm1UVUgZn+9EI=
github.com/stretchr/testify v1.4.0/go.mod h1:j7eGeouHqKxXV5pUuKE4zz7dFj8WfuZ+81PSLYec5m4=
github.com/stretchr/testify v1.5.1/go.mod h1:5W2xD1RspED5o8YsWQXVCued0rvSQ+mT+I5cxcmMvtA=
github.com/stretchr/testify v1.6.1/go.mod h1:6Fq8oRcR53rry900zMqJjRRixrwX3KX962/h/Wwjteg=
github.com/stretchr/testify v1.7.0 h1:nwc3DEeHmmLAfoZucVR881uASk0Mfjw8xYJ99tb5CcY=
github.com/stretchr/testify v1.7.0/go.mod h1:6Fq8oRcR53rry900zMqJjRRixrwX3KX962/h/Wwjteg=
github.com/tidwall/gjson v1.6.8 h1:CTmXMClGYPAmln7652e69B7OLXfTi5ABcPPwjIWUv7w=
github.com/tidwall/gjson v1.6.8/go.mod h1:zeFuBCIqD4sN/gmqBzZ4j7Jd6UcA2Fc56x7QFsv+8fI=
github.com/tidwall/match v1.0.3 h1:FQUVvBImDutD8wJLN6c5eMzWtjgONK9MwIBCOrUJKeE=
github.com/tidwall/match v1.0.3/go.mod h1:eRSPERbgtNPcGhD8UCthc6PmLEQXEWd3PRB5JTxsfmM=
github.com/tidwall/pretty v1.0.2 h1:Z7S3cePv9Jwm1KwS0513MRaoUe3S01WPbLNV40pwWZU=
github.com/tidwall/pretty v1.0.2/go.mod h1:XNkn88O1ChpSDQmQeStsy+sBenx6DDtFZJxhVysOjyk=
go.bug.st/serial.v1 v0.0.0-20191202182710-24a6610f0541 h1:eQfoPfT+gNSh63t/oKanQlZyKgblRa/LMZRPIT+MHzA=
go.bug.st/serial.v1 v0.0.0-20191202182710-24a6610f0541/go.mod h1:dRSl/CVCTf56CkXgJMDOdSwNfo2g1orOGE/gBGdvjZw=
golang.org/x/sys v0.0.0-20190422165155-953cdadca894/go.mod h1:h1NjWce9XRLGQEsW7wpKNCjG9DtNlClVuFLEZdDNbEs=
golang.org/x/sys v0.0.0-20210124154548-22da62e12c0c h1:VwygUrnw9jn88c4u8GD3rZQbqrP/tgas88tPUbBxQrk=
golang.org/x/sys v0.0.0-20210124154548-22da62e12c0c/go.mod h1:h1NjWce9XRLGQEsW7wpKNCjG9DtNlClVuFLEZdDNbEs=
gopkg.in/check.v1 v0.0.0-20161208181325-20d25e280405 h1:yhCVgyC4o1eVCa2tZl7eS0r+SDo693bJlVdllGtEeKM=
gopkg.in/check.v1 v0.0.0-20161208181325-20d25e280405/go.mod h1:Co6ibVJAznAaIkqp8huTwlJQCZ016jof/cbN4VW5Yz0=
gopkg.in/yaml.v2 v2.2.2/go.mod h1:hI93XBmqTisBFMUTm0b8Fm+jr3Dg1NNxqwp+5A1VGuI=
gopkg.in/yaml.v2 v2.2.4/go.mod h1:hI93XBmqTisBFMUTm0b8Fm+jr3Dg1NNxqwp+5A1VGuI=
gopkg.in/yaml.v3 v3.0.0-20200313102051-9f266ea9e77c/go.mod h1:K4uyk7z7BCEPqu6E+C64Yfv1cQ7kz7rIZviUmN+EgEM=
gopkg.in/yaml.v3 v3.0.0-20200615113413-eeeca48fe776/go.mod h1:K4uyk7z7BCEPqu6E+C64Yfv1cQ7kz7rIZviUmN+EgEM=
gopkg.in/yaml.v3 v3.0.0-20210107192922-496545a6307b h1:h8qDotaEPuJATrMmW04NCwg7v22aHH28wwpauUhK9Oo=
gopkg.in/yaml.v3 v3.0.0-20210107192922-496545a6307b/go.mod h1:K4uyk7z7BCEPqu6E+C64Yfv1cQ7kz7rIZviUmN+EgEM=
